{
    "version": 3,
    "terraform_version": "0.11.11",
    "serial": 2,
    "lineage": "b0acb757-9317-6e3c-7ecc-0eb0d1748820",
    "modules": [
        {
            "path": [
                "root"
            ],
            "outputs": {},
            "resources": {},
            "depends_on": []
        },
        {
            "path": [
                "root",
                "acm"
            ],
            "outputs": {},
            "resources": {
                "aws_acm_certificate.env_acm_cert": {
                    "type": "aws_acm_certificate",
                    "depends_on": [],
                    "primary": {
                        "id": "arn:aws:acm:us-east-1:803372281541:certificate/c3562b26-223b-4cd8-a754-0df16827918a",
                        "attributes": {
                            "arn": "arn:aws:acm:us-east-1:803372281541:certificate/c3562b26-223b-4cd8-a754-0df16827918a",
                            "domain_name": "*.default.bmonsalvatge.com",
                            "domain_validation_options.#": "1",
                            "domain_validation_options.0.domain_name": "*.default.bmonsalvatge.com",
                            "domain_validation_options.0.resource_record_name": "_51e3b3de8463df720c4e23d890317097.default.bmonsalvatge.com.",
                            "domain_validation_options.0.resource_record_type": "CNAME",
                            "domain_validation_options.0.resource_record_value": "_e2794ea304004c66aeb8940f2f13e5e7.hkvuiqjoua.acm-validations.aws.",
                            "id": "arn:aws:acm:us-east-1:803372281541:certificate/c3562b26-223b-4cd8-a754-0df16827918a",
                            "subject_alternative_names.#": "0",
                            "tags.%": "2",
                            "tags.Environment": "default",
                            "tags.Terraservice": "default",
                            "validation_emails.#": "0",
                            "validation_method": "DNS"
                        },
                        "meta": {},
                        "tainted": false
                    },
                    "deposed": [],
                    "provider": "provider.aws"
                },
                "aws_acm_certificate_validation.env_cert": {
                    "type": "aws_acm_certificate_validation",
                    "depends_on": [
                        "aws_acm_certificate.env_acm_cert",
                        "aws_route53_record.env_cert_validation"
                    ],
                    "primary": {
                        "id": "2019-01-10 03:12:15 +0000 UTC",
                        "attributes": {
                            "certificate_arn": "arn:aws:acm:us-east-1:803372281541:certificate/c3562b26-223b-4cd8-a754-0df16827918a",
                            "id": "2019-01-10 03:12:15 +0000 UTC",
                            "validation_record_fqdns.#": "1",
                            "validation_record_fqdns.4070668188": "_51e3b3de8463df720c4e23d890317097.default.bmonsalvatge.com"
                        },
                        "meta": {
                            "e2bfb730-ecaa-11e6-8f88-34363bc7c4c0": {
                                "create": 2700000000000
                            }
                        },
                        "tainted": false
                    },
                    "deposed": [],
                    "provider": "provider.aws"
                },
                "aws_route53_record.env_cert_validation": {
                    "type": "aws_route53_record",
                    "depends_on": [
                        "aws_acm_certificate.env_acm_cert",
                        "data.aws_route53_zone.zone"
                    ],
                    "primary": {
                        "id": "Z1ZP7L9OO5HQK8__51e3b3de8463df720c4e23d890317097.default.bmonsalvatge.com._CNAME",
                        "attributes": {
                            "allow_overwrite": "true",
                            "fqdn": "_51e3b3de8463df720c4e23d890317097.default.bmonsalvatge.com",
                            "id": "Z1ZP7L9OO5HQK8__51e3b3de8463df720c4e23d890317097.default.bmonsalvatge.com._CNAME",
                            "name": "_51e3b3de8463df720c4e23d890317097.default.bmonsalvatge.com",
                            "records.#": "1",
                            "records.205997264": "_e2794ea304004c66aeb8940f2f13e5e7.hkvuiqjoua.acm-validations.aws.",
                            "ttl": "60",
                            "type": "CNAME",
                            "zone_id": "Z1ZP7L9OO5HQK8"
                        },
                        "meta": {
                            "schema_version": "2"
                        },
                        "tainted": false
                    },
                    "deposed": [],
                    "provider": "provider.aws"
                },
                "data.aws_route53_zone.zone": {
                    "type": "aws_route53_zone",
                    "depends_on": [],
                    "primary": {
                        "id": "Z1ZP7L9OO5HQK8",
                        "attributes": {
                            "caller_reference": "5DFB4741-FB44-ED06-8320-6986222E6C37",
                            "comment": "",
                            "id": "Z1ZP7L9OO5HQK8",
                            "name": "bmonsalvatge.com.",
                            "name_servers.#": "4",
                            "name_servers.0": "ns-286.awsdns-35.com",
                            "name_servers.1": "ns-749.awsdns-29.net",
                            "name_servers.2": "ns-1743.awsdns-25.co.uk",
                            "name_servers.3": "ns-1263.awsdns-29.org",
                            "private_zone": "false",
                            "resource_record_set_count": "2",
                            "zone_id": "Z1ZP7L9OO5HQK8"
                        },
                        "meta": {},
                        "tainted": false
                    },
                    "deposed": [],
                    "provider": "provider.aws"
                }
            },
            "depends_on": []
        }
    ]
}
